
Microsoft Visual Studio Solution File, Format Version 12.00
# Visual Studio Version 17
VisualStudioVersion = 17.2.32630.192
MinimumVisualStudioVersion = 10.0.40219.1
Project("{FAE04EC0-301F-11D3-BF4B-00C04F79EFBC}") = "NOVisionImageViewer", "NOVisionImageViewer\NOVisionImageViewer.csproj", "{6B436C8D-8A30-48BD-B904-D024EF24AFB4}"
EndProject
Global
	GlobalSection(SolutionConfigurationPlatforms) = preSolution
		Debug|Any CPU = Debug|Any CPU
		Release|Any CPU = Release|Any CPU
	EndGlobalSection
	GlobalSection(ProjectConfigurationPlatforms) = postSolution
		{6B436C8D-8A30-48BD-B904-D024EF24AFB4}.Debug|Any CPU.ActiveCfg = Debug|Any CPU
		{6B436C8D-8A30-48BD-B904-D024EF24AFB4}.Debug|Any CPU.Build.0 = Debug|Any CPU
		{6B436C8D-8A30-48BD-B904-D024EF24AFB4}.Release|Any CPU.ActiveCfg = Release|Any CPU
		{6B436C8D-8A30-48BD-B904-D024EF24AFB4}.Release|Any CPU.Build.0 = Release|Any CPU
	EndGlobalSection
	GlobalSection(SolutionProperties) = preSolution
		HideSolutionNode = FALSE
	EndGlobalSection
	GlobalSection(ExtensibilityGlobals) = postSolution
		SolutionGuid = {5D4CC7A5-1EC6-4C02-94EB-FC1E19F923BF}
	EndGlobalSection
EndGlobal
